// !$*UTF8*$!
{
	archiveVersion = 1;
	classes = {
	};
	objectVersion = 77;
	objects = {

/* Begin PBXContainerItemProxy section */
		9BAFCB102CC79255002F2B78 /* PBXContainerItemProxy */ = {
			isa = PBXContainerItemProxy;
			containerPortal = 9BAFCAF12CC79253002F2B78 /* Project object */;
			proxyType = 1;
			remoteGlobalIDString = 9BAFCAF82CC79253002F2B78;
			remoteInfo = "Practice UI";
		};
		9BAFCB1A2CC79255002F2B78 /* PBXContainerItemProxy */ = {
			isa = PBXContainerItemProxy;
			containerPortal = 9BAFCAF12CC79253002F2B78 /* Project object */;
			proxyType = 1;
			remoteGlobalIDString = 9BAFCAF82CC79253002F2B78;
			remoteInfo = "Practice UI";
		};
/* End PBXContainerItemProxy section */

/* Begin PBXFileReference section */
		9BAFCAF92CC79253002F2B78 /* Practice UI.app */ = {isa = PBXFileReference; explicitFileType = wrapper.application; includeInIndex = 0; path = "Practice UI.app"; sourceTree = BUILT_PRODUCTS_DIR; };
		9BAFCB0F2CC79255002F2B78 /* Practice UITests.xctest */ = {isa = PBXFileReference; explicitFileType = wrapper.cfbundle; includeInIndex = 0; path = "Practice UITests.xctest"; sourceTree = BUILT_PRODUCTS_DIR; };
		9BAFCB192CC79255002F2B78 /* Practice UIUITests.xctest */ = {isa = PBXFileReference; explicitFileType = wrapper.cfbundle; includeInIndex = 0; path = "Practice UIUITests.xctest"; sourceTree = BUILT_PRODUCTS_DIR; };
/* End PBXFileReference section */

/* Begin PBXFileSystemSynchronizedBuildFileExceptionSet section */
		9BAFCB212CC79255002F2B78 /* Exceptions for "Practice UI" folder in "Practice UI" target */ = {
			isa = PBXFileSystemSynchronizedBuildFileExceptionSet;
			membershipExceptions = (
				Info.plist,
			);
			target = 9BAFCAF82CC79253002F2B78 /* Practice UI */;
		};
/* End PBXFileSystemSynchronizedBuildFileExceptionSet section */

/* Begin PBXFileSystemSynchronizedRootGroup section */
		9BAFCAFB2CC79253002F2B78 /* Practice UI */ = {
			isa = PBXFileSystemSynchronizedRootGroup;
			exceptions = (
				9BAFCB212CC79255002F2B78 /* Exceptions for "Practice UI" folder in "Practice UI" target */,
			);
			path = "Practice UI";
			sourceTree = "<group>";
		};
		9BAFCB122CC79255002F2B78 /* Practice UITests */ = {
			isa = PBXFileSystemSynchronizedRootGroup;
			path = "Practice UITests";
			sourceTree = "<group>";
		};
		9BAFCB1C2CC79255002F2B78 /* Practice UIUITests */ = {
			isa = PBXFileSystemSynchronizedRootGroup;
			path = "Practice UIUITests";
			sourceTree = "<group>";
		};
/* End PBXFileSystemSynchronizedRootGroup section */

/* Begin PBXFrameworksBuildPhase section */
		9BAFCAF62CC79253002F2B78 /* Frameworks */ = {
			isa = PBXFrameworksBuildPhase;
			buildActionMask = 2147483647;
			files = (
			);
			runOnlyForDeploymentPostprocessing = 0;
		};
		9BAFCB0C2CC79255002F2B78 /* Frameworks */ = {
			isa = PBXFrameworksBuildPhase;
			buildActionMask = 2147483647;
			files = (
			);
			runOnlyForDeploymentPostprocessing = 0;
		};
		9BAFCB162CC79255002F2B78 /* Frameworks */ = {
			isa = PBXFrameworksBuildPhase;
			buildActionMask = 2147483647;
			files = (
			);
			runOnlyForDeploymentPostprocessing = 0;
		};
/* End PBXFrameworksBuildPhase section */

/* Begin PBXGroup section */
		9BAFCAF02CC79253002F2B78 = {
			isa = PBXGroup;
			children = (
				9BAFCAFB2CC79253002F2B78 /* Practice UI */,
				9BAFCB122CC79255002F2B78 /* Practice UITests */,
				9BAFCB1C2CC79255002F2B78 /* Practice UIUITests */,
				9BAFCAFA2CC79253002F2B78 /* Products */,
			);
			sourceTree = "<group>";
		};
		9BAFCAFA2CC79253002F2B78 /* Products */ = {
			isa = PBXGroup;
			children = (
				9BAFCAF92CC79253002F2B78 /* Practice UI.app */,
				9BAFCB0F2CC79255002F2B78 /* Practice UITests.xctest */,
				9BAFCB192CC79255002F2B78 /* Practice UIUITests.xctest */,
			);
			name = Products;
			sourceTree = "<group>";
		};
/* End PBXGroup section */

/* Begin PBXNativeTarget section */
		9BAFCAF82CC79253002F2B78 /* Practice UI */ = {
			isa = PBXNativeTarget;
			buildConfigurationList = 9BAFCB222CC79255002F2B78 /* Build configuration list for PBXNativeTarget "Practice UI" */;
			buildPhases = (
				9BAFCAF52CC79253002F2B78 /* Sources */,
				9BAFCAF62CC79253002F2B78 /* Frameworks */,
				9BAFCAF72CC79253002F2B78 /* Resources */,
			);
			buildRules = (
			);
			dependencies = (
			);
			fileSystemSynchronizedGroups = (
				9BAFCAFB2CC79253002F2B78 /* Practice UI */,
			);
			name = "Practice UI";
			packageProductDependencies = (
			);
			productName = "Practice UI";
			productReference = 9BAFCAF92CC79253002F2B78 /* Practice UI.app */;
			productType = "com.apple.product-type.application";
		};
		9BAFCB0E2CC79255002F2B78 /* Practice UITests */ = {
			isa = PBXNativeTarget;
			buildConfigurationList = 9BAFCB272CC79255002F2B78 /* Build configuration list for PBXNativeTarget "Practice UITests" */;
			buildPhases = (
				9BAFCB0B2CC79255002F2B78 /* Sources */,
				9BAFCB0C2CC79255002F2B78 /* Frameworks */,
				9BAFCB0D2CC79255002F2B78 /* Resources */,
			);
			buildRules = (
			);
			dependencies = (
				9BAFCB112CC79255002F2B78 /* PBXTargetDependency */,
			);
			fileSystemSynchronizedGroups = (
				9BAFCB122CC79255002F2B78 /* Practice UITests */,
			);
			name = "Practice UITests";
			packageProductDependencies = (
			);
			productName = "Practice UITests";
			productReference = 9BAFCB0F2CC79255002F2B78 /* Practice UITests.xctest */;
			productType = "com.apple.product-type.bundle.unit-test";
		};
		9BAFCB182CC79255002F2B78 /* Practice UIUITests */ = {
			isa = PBXNativeTarget;
			buildConfigurationList = 9BAFCB2A2CC79255002F2B78 /* Build configuration list for PBXNativeTarget "Practice UIUITests" */;
			buildPhases = (
				9BAFCB152CC79255002F2B78 /* Sources */,
				9BAFCB162CC79255002F2B78 /* Frameworks */,
				9BAFCB172CC79255002F2B78 /* Resources */,
			);
			buildRules = (
			);
			dependencies = (
				9BAFCB1B2CC79255002F2B78 /* PBXTargetDependency */,
			);
			fileSystemSynchronizedGroups = (
				9BAFCB1C2CC79255002F2B78 /* Practice UIUITests */,
			);
			name = "Practice UIUITests";
			packageProductDependencies = (
			);
			productName = "Practice UIUITests";
			productReference = 9BAFCB192CC79255002F2B78 /* Practice UIUITests.xctest */;
			productType = "com.apple.product-type.bundle.ui-testing";
		};
/* End PBXNativeTarget section */

/* Begin PBXProject section */
		9BAFCAF12CC79253002F2B78 /* Project object */ = {
			isa = PBXProject;
			attributes = {
				BuildIndependentTargetsInParallel = 1;
				LastSwiftUpdateCheck = 1600;
				LastUpgradeCheck = 1600;
				TargetAttributes = {
					9BAFCAF82CC79253002F2B78 = {
						CreatedOnToolsVersion = 16.0;
					};
					9BAFCB0E2CC79255002F2B78 = {
						CreatedOnToolsVersion = 16.0;
						TestTargetID = 9BAFCAF82CC79253002F2B78;
					};
					9BAFCB182CC79255002F2B78 = {
						CreatedOnToolsVersion = 16.0;
						TestTargetID = 9BAFCAF82CC79253002F2B78;
					};
				};
			};
			buildConfigurationList = 9BAFCAF42CC79253002F2B78 /* Build configuration list for PBXProject "Practice UI" */;
			developmentRegion = en;
			hasScannedForEncodings = 0;
			knownRegions = (
				en,
				Base,
			);
			mainGroup = 9BAFCAF02CC79253002F2B78;
			minimizedProjectReferenceProxies = 1;
			preferredProjectObjectVersion = 77;
			productRefGroup = 9BAFCAFA2CC79253002F2B78 /* Products */;
			projectDirPath = "";
			projectRoot = "";
			targets = (
				9BAFCAF82CC79253002F2B78 /* Practice UI */,
				9BAFCB0E2CC79255002F2B78 /* Practice UITests */,
				9BAFCB182CC79255002F2B78 /* Practice UIUITests */,
			);
		};
/* End PBXProject section */

/* Begin PBXResourcesBuildPhase section */
		9BAFCAF72CC79253002F2B78 /* Resources */ = {
			isa = PBXResourcesBuildPhase;
			buildActionMask = 2147483647;
			files = (
			);
			runOnlyForDeploymentPostprocessing = 0;
		};
		9BAFCB0D2CC79255002F2B78 /* Resources */ = {
			isa = PBXResourcesBuildPhase;
			buildActionMask = 2147483647;
			files = (
			);
			runOnlyForDeploymentPostprocessing = 0;
		};
		9BAFCB172CC79255002F2B78 /* Resources */ = {
			isa = PBXResourcesBuildPhase;
			buildActionMask = 2147483647;
			files = (
			);
			runOnlyForDeploymentPostprocessing = 0;
		};
/* End PBXResourcesBuildPhase section */

/* Begin PBXSourcesBuildPhase section */
		9BAFCAF52CC79253002F2B78 /* Sources */ = {
			isa = PBXSourcesBuildPhase;
			buildActionMask = 2147483647;
			files = (
			);
			runOnlyForDeploymentPostprocessing = 0;
		};
		9BAFCB0B2CC79255002F2B78 /* Sources */ = {
			isa = PBXSourcesBuildPhase;
			buildActionMask = 2147483647;
			files = (
			);
			runOnlyForDeploymentPostprocessing = 0;
		};
		9BAFCB152CC79255002F2B78 /* Sources */ = {
			isa = PBXSourcesBuildPhase;
			buildActionMask = 2147483647;
			files = (
			);
			runOnlyForDeploymentPostprocessing = 0;
		};
/* End PBXSourcesBuildPhase section */

/* Begin PBXTargetDependency section */
		9BAFCB112CC79255002F2B78 /* PBXTargetDependency */ = {
			isa = PBXTargetDependency;
			target = 9BAFCAF82CC79253002F2B78 /* Practice UI */;
			targetProxy = 9BAFCB102CC79255002F2B78 /* PBXContainerItemProxy */;
		};
		9BAFCB1B2CC79255002F2B78 /* PBXTargetDependency */ = {
			isa = PBXTargetDependency;
			target = 9BAFCAF82CC79253002F2B78 /* Practice UI */;
			targetProxy = 9BAFCB1A2CC79255002F2B78 /* PBXContainerItemProxy */;
		};
/* End PBXTargetDependency section */

/* Begin XCBuildConfiguration section */
		9BAFCB232CC79255002F2B78 /* Debug */ = {
			isa = XCBuildConfiguration;
			buildSettings = {
				ASSETCATALOG_COMPILER_APPICON_NAME = AppIcon;
				ASSETCATALOG_COMPILER_GLOBAL_ACCENT_COLOR_NAME = AccentColor;
				CODE_SIGN_STYLE = Automatic;
				CURRENT_PROJECT_VERSION = 1;
				GENERATE_INFOPLIST_FILE = YES;
				INFOPLIST_FILE = "Practice UI/Info.plist";
				INFOPLIST_KEY_UIApplicationSupportsIndirectInputEvents = YES;
				INFOPLIST_KEY_UILaunchStoryboardName = LaunchScreen;
				INFOPLIST_KEY_UIMainStoryboardFile = Main;
				INFOPLIST_KEY_UISupportedInterfaceOrientations_iPad = "UIInterfaceOrientationPortrait UIInterfaceOrientationPortraitUpsideDown UIInterfaceOrientationLandscapeLeft UIInterfaceOrientationLandscapeRight";
				INFOPLIST_KEY_UISupportedInterfaceOrientations_iPhone = "UIInterfaceOrientationPortrait UIInterfaceOrientationLandscapeLeft UIInterfaceOrientationLandscapeRight";
				LD_RUNPATH_SEARCH_PATHS = (
					"$(inherited)",
					"@executable_path/Frameworks",
				);
				MARKETING_VERSION = 1.0;
				PRODUCT_BUNDLE_IDENTIFIER = "com.sol.Practice-UI";
				PRODUCT_NAME = "$(TARGET_NAME)";
				SWIFT_EMIT_LOC_STRINGS = YES;
				SWIFT_VERSION = 5.0;
				TARGETED_DEVICE_FAMILY = "1,2";
			};
			name = Debug;
		};
		9BAFCB242CC79255002F2B78 /* Release */ = {
			isa = XCBuildConfiguration;
			buildSettings = {
				ASSETCATALOG_COMPILER_APPICON_NAME = AppIcon;
				ASSETCATALOG_COMPILER_GLOBAL_ACCENT_COLOR_NAME = AccentColor;
				CODE_SIGN_STYLE = Automatic;
				CURRENT_PROJECT_VERSION = 1;
				GENERATE_INFOPLIST_FILE = YES;
				INFOPLIST_FILE = "Practice UI/Info.plist";
				INFOPLIST_KEY_UIApplicationSupportsIndirectInputEvents = YES;
				INFOPLIST_KEY_UILaunchStoryboardName = LaunchScreen;
				INFOPLIST_KEY_UIMainStoryboardFile = Main;
				INFOPLIST_KEY_UISupportedInterfaceOrientations_iPad = "UIInterfaceOrientationPortrait UIInterfaceOrientationPortraitUpsideDown UIInterfaceOrientationLandscapeLeft UIInterfaceOrientationLandscapeRight";
				INFOPLIST_KEY_UISupportedInterfaceOrientations_iPhone = "UIInterfaceOrientationPortrait UIInterfaceOrientationLandscapeLeft UIInterfaceOrientationLandscapeRight";
				LD_RUNPATH_SEARCH_PATHS = (
					"$(inherited)",
					"@executable_path/Frameworks",
				);
				MARKETING_VERSION = 1.0;
				PRODUCT_BUNDLE_IDENTIFIER = "com.sol.Practice-UI";
				PRODUCT_NAME = "$(TARGET_NAME)";
				SWIFT_EMIT_LOC_STRINGS = YES;
				SWIFT_VERSION = 5.0;
				TARGETED_DEVICE_FAMILY = "1,2";
			};
			name = Release;
		};
		9BAFCB252CC79255002F2B78 /* Debug */ = {
			isa = XCBuildConfiguration;
			buildSettings = {
				ALWAYS_SEARCH_USER_PATHS = NO;
				ASSETCATALOG_COMPILER_GENERATE_SWIFT_ASSET_SYMBOL_EXTENSIONS = YES;
				CLANG_ANALYZER_NONNULL = YES;
				CLANG_ANALYZER_NUMBER_OBJECT_CONVERSION = YES_AGGRESSIVE;
				CLANG_CXX_LANGUAGE_STANDARD = "gnu++20";
				CLANG_ENABLE_MODULES = YES;
				CLANG_ENABLE_OBJC_ARC = YES;
				CLANG_ENABLE_OBJC_WEAK = YES;
				CLANG_WARN_BLOCK_CAPTURE_AUTORELEASING = YES;
				CLANG_WARN_BOOL_CONVERSION = YES;
				CLANG_WARN_COMMA = YES;
				CLANG_WARN_CONSTANT_CONVERSION = YES;
				CLANG_WARN_DEPRECATED_OBJC_IMPLEMENTATIONS = YES;
				CLANG_WARN_DIRECT_OBJC_ISA_USAGE = YES_ERROR;
				CLANG_WARN_DOCUMENTATION_COMMENTS = YES;
				CLANG_WARN_EMPTY_BODY = YES;
				CLANG_WARN_ENUM_CONVERSION = YES;
				CLANG_WARN_INFINITE_RECURSION = YES;
				CLANG_WARN_INT_CONVERSION = YES;
				CLANG_WARN_NON_LITERAL_NULL_CONVERSION = YES;
				CLANG_WARN_OBJC_IMPLICIT_RETAIN_SELF = YES;
				CLANG_WARN_OBJC_LITERAL_CONVERSION = YES;
				CLANG_WARN_OBJC_ROOT_CLASS = YES_ERROR;
				CLANG_WARN_QUOTED_INCLUDE_IN_FRAMEWORK_HEADER = YES;
				CLANG_WARN_RANGE_LOOP_ANALYSIS = YES;
				CLANG_WARN_STRICT_PROTOTYPES = YES;
				CLANG_WARN_SUSPICIOUS_MOVE = YES;
				CLANG_WARN_UNGUARDED_AVAILABILITY = YES_AGGRESSIVE;
				CLANG_WARN_UNREACHABLE_CODE = YES;
				CLANG_WARN__DUPLICATE_METHOD_MATCH = YES;
				COPY_PHASE_STRIP = NO;
				DEBUG_INFORMATION_FORMAT = dwarf;
				ENABLE_STRICT_OBJC_MSGSEND = YES;
				ENABLE_TESTABILITY = YES;
				ENABLE_USER_SCRIPT_SANDBOXING = YES;
				GCC_C_LANGUAGE_STANDARD = gnu17;
				GCC_DYNAMIC_NO_PIC = NO;
				GCC_NO_COMMON_BLOCKS = YES;
				GCC_OPTIMIZATION_LEVEL = 0;
				GCC_PREPROCESSOR_DEFINITIONS = (
					"DEBUG=1",
					"$(inherited)",
				);
				GCC_WARN_64_TO_32_BIT_CONVERSION = YES;
				GCC_WARN_ABOUT_RETURN_TYPE = YES_ERROR;
				GCC_WARN_UNDECLARED_SELECTOR = YES;
				GCC_WARN_UNINITIALIZED_AUTOS = YES_AGGRESSIVE;
				GCC_WARN_UNUSED_FUNCTION = YES;
				GCC_WARN_UNUSED_VARIABLE = YES;
				IPHONEOS_DEPLOYMENT_TARGET = 18.0;
				LOCALIZATION_PREFERS_STRING_CATALOGS = YES;
				MTL_ENABLE_DEBUG_INFO = INCLUDE_SOURCE;
				MTL_FAST_MATH = YES;
				ONLY_ACTIVE_ARCH = YES;
				SDKROOT = iphoneos;
				SWIFT_ACTIVE_COMPILATION_CONDITIONS = "DEBUG $(inherited)";
				SWIFT_OPTIMIZATION_LEVEL = "-Onone";
			};
			name = Debug;
		};
		9BAFCB262CC79255002F2B78 /* Release */ = {
			isa = XCBuildConfiguration;
			buildSettings = {
				ALWAYS_SEARCH_USER_PATHS = NO;
				ASSETCATALOG_COMPILER_GENERATE_SWIFT_ASSET_SYMBOL_EXTENSIONS = YES;
				CLANG_ANALYZER_NONNULL = YES;
				CLANG_ANALYZER_NUMBER_OBJECT_CONVERSION = YES_AGGRESSIVE;
				CLANG_CXX_LANGUAGE_STANDARD = "gnu++20";
				CLANG_ENABLE_MODULES = YES;
				CLANG_ENABLE_OBJC_ARC = YES;
				CLANG_ENABLE_OBJC_WEAK = YES;
				CLANG_WARN_BLOCK_CAPTURE_AUTORELEASING = YES;
				CLANG_WARN_BOOL_CONVERSION = YES;
				CLANG_WARN_COMMA = YES;
				CLANG_WARN_CONSTANT_CONVERSION = YES;
				CLANG_WARN_DEPRECATED_OBJC_IMPLEMENTATIONS = YES;
				CLANG_WARN_DIRECT_OBJC_ISA_USAGE = YES_ERROR;
				CLANG_WARN_DOCUMENTATION_COMMENTS = YES;
				CLANG_WARN_EMPTY_BODY = YES;
				CLANG_WARN_ENUM_CONVERSION = YES;
				CLANG_WARN_INFINITE_RECURSION = YES;
				CLANG_WARN_INT_CONVERSION = YES;
				CLANG_WARN_NON_LITERAL_NULL_CONVERSION = YES;
				CLANG_WARN_OBJC_IMPLICIT_RETAIN_SELF = YES;
				CLANG_WARN_OBJC_LITERAL_CONVERSION = YES;
				CLANG_WARN_OBJC_ROOT_CLASS = YES_ERROR;
				CLANG_WARN_QUOTED_INCLUDE_IN_FRAMEWORK_HEADER = YES;
				CLANG_WARN_RANGE_LOOP_ANALYSIS = YES;
				CLANG_WARN_STRICT_PROTOTYPES = YES;
				CLANG_WARN_SUSPICIOUS_MOVE = YES;
				CLANG_WARN_UNGUARDED_AVAILABILITY = YES_AGGRESSIVE;
				CLANG_WARN_UNREACHABLE_CODE = YES;
				CLANG_WARN__DUPLICATE_METHOD_MATCH = YES;
				COPY_PHASE_STRIP = NO;
				DEBUG_INFORMATION_FORMAT = "dwarf-with-dsym";
				ENABLE_NS_ASSERTIONS = NO;
				ENABLE_STRICT_OBJC_MSGSEND = YES;
				ENABLE_USER_SCRIPT_SANDBOXING = YES;
				GCC_C_LANGUAGE_STANDARD = gnu17;
				GCC_NO_COMMON_BLOCKS = YES;
				GCC_WARN_64_TO_32_BIT_CONVERSION = YES;
				GCC_WARN_ABOUT_RETURN_TYPE = YES_ERROR;
				GCC_WARN_UNDECLARED_SELECTOR = YES;
				GCC_WARN_UNINITIALIZED_AUTOS = YES_AGGRESSIVE;
				GCC_WARN_UNUSED_FUNCTION = YES;
				GCC_WARN_UNUSED_VARIABLE = YES;
				IPHONEOS_DEPLOYMENT_TARGET = 18.0;
				LOCALIZATION_PREFERS_STRING_CATALOGS = YES;
				MTL_ENABLE_DEBUG_INFO = NO;
				MTL_FAST_MATH = YES;
				SDKROOT = iphoneos;
				SWIFT_COMPILATION_MODE = wholemodule;
				VALIDATE_PRODUCT = YES;
			};
			name = Release;
		};
		9BAFCB282CC79255002F2B78 /* Debug */ = {
			isa = XCBuildConfiguration;
			buildSettings = {
				BUNDLE_LOADER = "$(TEST_HOST)";
				CODE_SIGN_STYLE = Automatic;
				CURRENT_PROJECT_VERSION = 1;
				GENERATE_INFOPLIST_FILE = YES;
				IPHONEOS_DEPLOYMENT_TARGET = 18.0;
				MARKETING_VERSION = 1.0;
				PRODUCT_BUNDLE_IDENTIFIER = "com.sol.Practice-UITests";
				PRODUCT_NAME = "$(TARGET_NAME)";
				SWIFT_EMIT_LOC_STRINGS = NO;
				SWIFT_VERSION = 5.0;
				TARGETED_DEVICE_FAMILY = "1,2";
				TEST_HOST = "$(BUILT_PRODUCTS_DIR)/Practice UI.app/$(BUNDLE_EXECUTABLE_FOLDER_PATH)/Practice UI";
			};
			name = Debug;
		};
		9BAFCB292CC79255002F2B78 /* Release */ = {
			isa = XCBuildConfiguration;
			buildSettings = {
				BUNDLE_LOADER = "$(TEST_HOST)";
				CODE_SIGN_STYLE = Automatic;
				CURRENT_PROJECT_VERSION = 1;
				GENERATE_INFOPLIST_FILE = YES;
				IPHONEOS_DEPLOYMENT_TARGET = 18.0;
				MARKETING_VERSION = 1.0;
				PRODUCT_BUNDLE_IDENTIFIER = "com.sol.Practice-UITests";
				PRODUCT_NAME = "$(TARGET_NAME)";
				SWIFT_EMIT_LOC_STRINGS = NO;
				SWIFT_VERSION = 5.0;
				TARGETED_DEVICE_FAMILY = "1,2";
				TEST_HOST = "$(BUILT_PRODUCTS_DIR)/Practice UI.app/$(BUNDLE_EXECUTABLE_FOLDER_PATH)/Practice UI";
			};
			name = Release;
		};
		9BAFCB2B2CC79255002F2B78 /* Debug */ = {
			isa = XCBuildConfiguration;
			buildSettings = {
				CODE_SIGN_STYLE = Automatic;
				CURRENT_PROJECT_VERSION = 1;
				GENERATE_INFOPLIST_FILE = YES;
				MARKETING_VERSION = 1.0;
				PRODUCT_BUNDLE_IDENTIFIER = "com.sol.Practice-UIUITests";
				PRODUCT_NAME = "$(TARGET_NAME)";
				SWIFT_EMIT_LOC_STRINGS = NO;
				SWIFT_VERSION = 5.0;
				TARGETED_DEVICE_FAMILY = "1,2";
				TEST_TARGET_NAME = "Practice UI";
			};
			name = Debug;
		};
		9BAFCB2C2CC79255002F2B78 /* Release */ = {
			isa = XCBuildConfiguration;
			buildSettings = {
				CODE_SIGN_STYLE = Automatic;
				CURRENT_PROJECT_VERSION = 1;
				GENERATE_INFOPLIST_FILE = YES;
				MARKETING_VERSION = 1.0;
				PRODUCT_BUNDLE_IDENTIFIER = "com.sol.Practice-UIUITests";
				PRODUCT_NAME = "$(TARGET_NAME)";
				SWIFT_EMIT_LOC_STRINGS = NO;
				SWIFT_VERSION = 5.0;
				TARGETED_DEVICE_FAMILY = "1,2";
				TEST_TARGET_NAME = "Practice UI";
			};
			name = Release;
		};
/* End XCBuildConfiguration section */

/* Begin XCConfigurationList section */
		9BAFCAF42CC79253002F2B78 /* Build configuration list for PBXProject "Practice UI" */ = {
			isa = XCConfigurationList;
			buildConfigurations = (
				9BAFCB252CC79255002F2B78 /* Debug */,
				9BAFCB262CC79255002F2B78 /* Release */,
			);
			defaultConfigurationIsVisible = 0;
			defaultConfigurationName = Release;
		};
		9BAFCB222CC79255002F2B78 /* Build configuration list for PBXNativeTarget "Practice UI" */ = {
			isa = XCConfigurationList;
			buildConfigurations = (
				9BAFCB232CC79255002F2B78 /* Debug */,
				9BAFCB242CC79255002F2B78 /* Release */,
			);
			defaultConfigurationIsVisible = 0;
			defaultConfigurationName = Release;
		};
		9BAFCB272CC79255002F2B78 /* Build configuration list for PBXNativeTarget "Practice UITests" */ = {
			isa = XCConfigurationList;
			buildConfigurations = (
				9BAFCB282CC79255002F2B78 /* Debug */,
				9BAFCB292CC79255002F2B78 /* Release */,
			);
			defaultConfigurationIsVisible = 0;
			defaultConfigurationName = Release;
		};
		9BAFCB2A2CC79255002F2B78 /* Build configuration list for PBXNativeTarget "Practice UIUITests" */ = {
			isa = XCConfigurationList;
			buildConfigurations = (
				9BAFCB2B2CC79255002F2B78 /* Debug */,
				9BAFCB2C2CC79255002F2B78 /* Release */,
			);
			defaultConfigurationIsVisible = 0;
			defaultConfigurationName = Release;
		};
/* End XCConfigurationList section */
	};
	rootObject = 9BAFCAF12CC79253002F2B78 /* Project object */;
}
